// !$*UTF8*$!
{
	archiveVersion = 1;
	classes = {
	};
	objectVersion = 46;
	objects = {

/* Begin PBXBuildFile section */
		C328CCBE1C9DB6CB00B5068D /* AppDelegate.swift in Sources */ = {isa = PBXBuildFile; fileRef = C328CCBD1C9DB6CB00B5068D /* AppDelegate.swift */; };
		C328CCC01C9DB6CB00B5068D /* ViewController.swift in Sources */ = {isa = PBXBuildFile; fileRef = C328CCBF1C9DB6CB00B5068D /* ViewController.swift */; };
		C328CCC31C9DB6CB00B5068D /* Main.storyboard in Resources */ = {isa = PBXBuildFile; fileRef = C328CCC11C9DB6CB00B5068D /* Main.storyboard */; };
		C328CCC51C9DB6CB00B5068D /* Assets.xcassets in Resources */ = {isa = PBXBuildFile; fileRef = C328CCC41C9DB6CB00B5068D /* Assets.xcassets */; };
		C328CCC81C9DB6CB00B5068D /* LaunchScreen.storyboard in Resources */ = {isa = PBXBuildFile; fileRef = C328CCC61C9DB6CB00B5068D /* LaunchScreen.storyboard */; };
		C328CCD31C9DB6CB00B5068D /* dblAttackGameTests.swift in Sources */ = {isa = PBXBuildFile; fileRef = C328CCD21C9DB6CB00B5068D /* dblAttackGameTests.swift */; };
		C328CCDE1C9DB6CB00B5068D /* dblAttackGameUITests.swift in Sources */ = {isa = PBXBuildFile; fileRef = C328CCDD1C9DB6CB00B5068D /* dblAttackGameUITests.swift */; };
/* End PBXBuildFile section */

/* Begin PBXContainerItemProxy section */
		C328CCCF1C9DB6CB00B5068D /* PBXContainerItemProxy */ = {
			isa = PBXContainerItemProxy;
			containerPortal = C328CCB21C9DB6CB00B5068D /* Project object */;
			proxyType = 1;
			remoteGlobalIDString = C328CCB91C9DB6CB00B5068D;
			remoteInfo = dblAttackGame;
		};
		C328CCDA1C9DB6CB00B5068D /* PBXContainerItemProxy */ = {
			isa = PBXContainerItemProxy;
			containerPortal = C328CCB21C9DB6CB00B5068D /* Project object */;
			proxyType = 1;
			remoteGlobalIDString = C328CCB91C9DB6CB00B5068D;
			remoteInfo = dblAttackGame;
		};
/* End PBXContainerItemProxy section */

/* Begin PBXFileReference section */
		C328CCBA1C9DB6CB00B5068D /* dblAttackGame.app */ = {isa = PBXFileReference; explicitFileType = wrapper.application; includeInIndex = 0; path = dblAttackGame.app; sourceTree = BUILT_PRODUCTS_DIR; };
		C328CCBD1C9DB6CB00B5068D /* AppDelegate.swift */ = {isa = PBXFileReference; lastKnownFileType = sourcecode.swift; path = AppDelegate.swift; sourceTree = "<group>"; };
		C328CCBF1C9DB6CB00B5068D /* ViewController.swift */ = {isa = PBXFileReference; lastKnownFileType = sourcecode.swift; path = ViewController.swift; sourceTree = "<group>"; };
		C328CCC21C9DB6CB00B5068D /* Base */ = {isa = PBXFileReference; lastKnownFileType = file.storyboard; name = Base; path = Base.lproj/Main.storyboard; sourceTree = "<group>"; };
		C328CCC41C9DB6CB00B5068D /* Assets.xcassets */ = {isa = PBXFileReference; lastKnownFileType = folder.assetcatalog; path = Assets.xcassets; sourceTree = "<group>"; };
		C328CCC71C9DB6CB00B5068D /* Base */ = {isa = PBXFileReference; lastKnownFileType = file.storyboard; name = Base; path = Base.lproj/LaunchScreen.storyboard; sourceTree = "<group>"; };
		C328CCC91C9DB6CB00B5068D /* Info.plist */ = {isa = PBXFileReference; lastKnownFileType = text.plist.xml; path = Info.plist; sourceTree = "<group>"; };
		C328CCCE1C9DB6CB00B5068D /* dblAttackGameTests.xctest */ = {isa = PBXFileReference; explicitFileType = wrapper.cfbundle; includeInIndex = 0; path = dblAttackGameTests.xctest; sourceTree = BUILT_PRODUCTS_DIR; };
		C328CCD21C9DB6CB00B5068D /* dblAttackGameTests.swift */ = {isa = PBXFileReference; lastKnownFileType = sourcecode.swift; path = dblAttackGameTests.swift; sourceTree = "<group>"; };
		C328CCD41C9DB6CB00B5068D /* Info.plist */ = {isa = PBXFileReference; lastKnownFileType = text.plist.xml; path = Info.plist; sourceTree = "<group>"; };
		C328CCD91C9DB6CB00B5068D /* dblAttackGameUITests.xctest */ = {isa = PBXFileReference; explicitFileType = wrapper.cfbundle; includeInIndex = 0; path = dblAttackGameUITests.xctest; sourceTree = BUILT_PRODUCTS_DIR; };
		C328CCDD1C9DB6CB00B5068D /* dblAttackGameUITests.swift */ = {isa = PBXFileReference; lastKnownFileType = sourcecode.swift; path = dblAttackGameUITests.swift; sourceTree = "<group>"; };
		C328CCDF1C9DB6CB00B5068D /* Info.plist */ = {isa = PBXFileReference; lastKnownFileType = text.plist.xml; path = Info.plist; sourceTree = "<group>"; };
/* End PBXFileReference section */

/* Begin PBXFrameworksBuildPhase section */
		C328CCB71C9DB6CB00B5068D /* Frameworks */ = {
			isa = PBXFrameworksBuildPhase;
			buildActionMask = 2147483647;
			files = (
			);
			runOnlyForDeploymentPostprocessing = 0;
		};
		C328CCCB1C9DB6CB00B5068D /* Frameworks */ = {
			isa = PBXFrameworksBuildPhase;
			buildActionMask = 2147483647;
			files = (
			);
			runOnlyForDeploymentPostprocessing = 0;
		};
		C328CCD61C9DB6CB00B5068D /* Frameworks */ = {
			isa = PBXFrameworksBuildPhase;
			buildActionMask = 2147483647;
			files = (
			);
			runOnlyForDeploymentPostprocessing = 0;
		};
/* End PBXFrameworksBuildPhase section */

/* Begin PBXGroup section */
		C328CCB11C9DB6CB00B5068D = {
			isa = PBXGroup;
			children = (
				C328CCBC1C9DB6CB00B5068D /* dblAttackGame */,
				C328CCD11C9DB6CB00B5068D /* dblAttackGameTests */,
				C328CCDC1C9DB6CB00B5068D /* dblAttackGameUITests */,
				C328CCBB1C9DB6CB00B5068D /* Products */,
			);
			sourceTree = "<group>";
		};
		C328CCBB1C9DB6CB00B5068D /* Products */ = {
			isa = PBXGroup;
			children = (
				C328CCBA1C9DB6CB00B5068D /* dblAttackGame.app */,
				C328CCCE1C9DB6CB00B5068D /* dblAttackGameTests.xctest */,
				C328CCD91C9DB6CB00B5068D /* dblAttackGameUITests.xctest */,
			);
			name = Products;
			sourceTree = "<group>";
		};
		C328CCBC1C9DB6CB00B5068D /* dblAttackGame */ = {
			isa = PBXGroup;
			children = (
				C328CCBD1C9DB6CB00B5068D /* AppDelegate.swift */,
				C328CCBF1C9DB6CB00B5068D /* ViewController.swift */,
				C328CCC11C9DB6CB00B5068D /* Main.storyboard */,
				C328CCC41C9DB6CB00B5068D /* Assets.xcassets */,
				C328CCC61C9DB6CB00B5068D /* LaunchScreen.storyboard */,
				C328CCC91C9DB6CB00B5068D /* Info.plist */,
			);
			path = dblAttackGame;
			sourceTree = "<group>";
		};
		C328CCD11C9DB6CB00B5068D /* dblAttackGameTests */ = {
			isa = PBXGroup;
			children = (
				C328CCD21C9DB6CB00B5068D /* dblAttackGameTests.swift */,
				C328CCD41C9DB6CB00B5068D /* Info.plist */,
			);
			path = dblAttackGameTests;
			sourceTree = "<group>";
		};
		C328CCDC1C9DB6CB00B5068D /* dblAttackGameUITests */ = {
			isa = PBXGroup;
			children = (
				C328CCDD1C9DB6CB00B5068D /* dblAttackGameUITests.swift */,
				C328CCDF1C9DB6CB00B5068D /* Info.plist */,
			);
			path = dblAttackGameUITests;
			sourceTree = "<group>";
		};
/* End PBXGroup section */

/* Begin PBXNativeTarget section */
		C328CCB91C9DB6CB00B5068D /* dblAttackGame */ = {
			isa = PBXNativeTarget;
			buildConfigurationList = C328CCE21C9DB6CB00B5068D /* Build configuration list for PBXNativeTarget "dblAttackGame" */;
			buildPhases = (
				C328CCB61C9DB6CB00B5068D /* Sources */,
				C328CCB71C9DB6CB00B5068D /* Frameworks */,
				C328CCB81C9DB6CB00B5068D /* Resources */,
			);
			buildRules = (
			);
			dependencies = (
			);
			name = dblAttackGame;
			productName = dblAttackGame;
			productReference = C328CCBA1C9DB6CB00B5068D /* dblAttackGame.app */;
			productType = "com.apple.product-type.application";
		};
		C328CCCD1C9DB6CB00B5068D /* dblAttackGameTests */ = {
			isa = PBXNativeTarget;
			buildConfigurationList = C328CCE51C9DB6CB00B5068D /* Build configuration list for PBXNativeTarget "dblAttackGameTests" */;
			buildPhases = (
				C328CCCA1C9DB6CB00B5068D /* Sources */,
				C328CCCB1C9DB6CB00B5068D /* Frameworks */,
				C328CCCC1C9DB6CB00B5068D /* Resources */,
			);
			buildRules = (
			);
			dependencies = (
				C328CCD01C9DB6CB00B5068D /* PBXTargetDependency */,
			);
			name = dblAttackGameTests;
			productName = dblAttackGameTests;
			productReference = C328CCCE1C9DB6CB00B5068D /* dblAttackGameTests.xctest */;
			productType = "com.apple.product-type.bundle.unit-test";
		};
		C328CCD81C9DB6CB00B5068D /* dblAttackGameUITests */ = {
			isa = PBXNativeTarget;
			buildConfigurationList = C328CCE81C9DB6CB00B5068D /* Build configuration list for PBXNativeTarget "dblAttackGameUITests" */;
			buildPhases = (
				C328CCD51C9DB6CB00B5068D /* Sources */,
				C328CCD61C9DB6CB00B5068D /* Frameworks */,
				C328CCD71C9DB6CB00B5068D /* Resources */,
			);
			buildRules = (
			);
			dependencies = (
				C328CCDB1C9DB6CB00B5068D /* PBXTargetDependency */,
			);
			name = dblAttackGameUITests;
			productName = dblAttackGameUITests;
			productReference = C328CCD91C9DB6CB00B5068D /* dblAttackGameUITests.xctest */;
			productType = "com.apple.product-type.bundle.ui-testing";
		};
/* End PBXNativeTarget section */

/* Begin PBXProject section */
		C328CCB21C9DB6CB00B5068D /* Project object */ = {
			isa = PBXProject;
			attributes = {
				LastSwiftUpdateCheck = 0730;
				LastUpgradeCheck = 0730;
				ORGANIZATIONNAME = "Noe Garcia";
				TargetAttributes = {
					C328CCB91C9DB6CB00B5068D = {
						CreatedOnToolsVersion = 7.3;
					};
					C328CCCD1C9DB6CB00B5068D = {
						CreatedOnToolsVersion = 7.3;
						TestTargetID = C328CCB91C9DB6CB00B5068D;
					};
					C328CCD81C9DB6CB00B5068D = {
						CreatedOnToolsVersion = 7.3;
						TestTargetID = C328CCB91C9DB6CB00B5068D;
					};
				};
			};
			buildConfigurationList = C328CCB51C9DB6CB00B5068D /* Build configuration list for PBXProject "dblAttackGame" */;
			compatibilityVersion = "Xcode 3.2";
			developmentRegion = English;
			hasScannedForEncodings = 0;
			knownRegions = (
				en,
				Base,
			);
			mainGroup = C328CCB11C9DB6CB00B5068D;
			productRefGroup = C328CCBB1C9DB6CB00B5068D /* Products */;
			projectDirPath = "";
			projectRoot = "";
			targets = (
				C328CCB91C9DB6CB00B5068D /* dblAttackGame */,
				C328CCCD1C9DB6CB00B5068D /* dblAttackGameTests */,
				C328CCD81C9DB6CB00B5068D /* dblAttackGameUITests */,
			);
		};
/* End PBXProject section */

/* Begin PBXResourcesBuildPhase section */
		C328CCB81C9DB6CB00B5068D /* Resources */ = {
			isa = PBXResourcesBuildPhase;
			buildActionMask = 2147483647;
			files = (
				C328CCC81C9DB6CB00B5068D /* LaunchScreen.storyboard in Resources */,
				C328CCC51C9DB6CB00B5068D /* Assets.xcassets in Resources */,
				C328CCC31C9DB6CB00B5068D /* Main.storyboard in Resources */,
			);
			runOnlyForDeploymentPostprocessing = 0;
		};
		C328CCCC1C9DB6CB00B5068D /* Resources */ = {
			isa = PBXResourcesBuildPhase;
			buildActionMask = 2147483647;
			files = (
			);
			runOnlyForDeploymentPostprocessing = 0;
		};
		C328CCD71C9DB6CB00B5068D /* Resources */ = {
			isa = PBXResourcesBuildPhase;
			buildActionMask = 2147483647;
			files = (
			);
			runOnlyForDeploymentPostprocessing = 0;
		};
/* End PBXResourcesBuildPhase section */

/* Begin PBXSourcesBuildPhase section */
		C328CCB61C9DB6CB00B5068D /* Sources */ = {
			isa = PBXSourcesBuildPhase;
			buildActionMask = 2147483647;
			files = (
				C328CCC01C9DB6CB00B5068D /* ViewController.swift in Sources */,
				C328CCBE1C9DB6CB00B5068D /* AppDelegate.swift in Sources */,
			);
			runOnlyForDeploymentPostprocessing = 0;
		};
		C328CCCA1C9DB6CB00B5068D /* Sources */ = {
			isa = PBXSourcesBuildPhase;
			buildActionMask = 2147483647;
			files = (
				C328CCD31C9DB6CB00B5068D /* dblAttackGameTests.swift in Sources */,
			);
			runOnlyForDeploymentPostprocessing = 0;
		};
		C328CCD51C9DB6CB00B5068D /* Sources */ = {
			isa = PBXSourcesBuildPhase;
			buildActionMask = 2147483647;
			files = (
				C328CCDE1C9DB6CB00B5068D /* dblAttackGameUITests.swift in Sources */,
			);
			runOnlyForDeploymentPostprocessing = 0;
		};
/* End PBXSourcesBuildPhase section */

/* Begin PBXTargetDependency section */
		C328CCD01C9DB6CB00B5068D /* PBXTargetDependency */ = {
			isa = PBXTargetDependency;
			target = C328CCB91C9DB6CB00B5068D /* dblAttackGame */;
			targetProxy = C328CCCF1C9DB6CB00B5068D /* PBXContainerItemProxy */;
		};
		C328CCDB1C9DB6CB00B5068D /* PBXTargetDependency */ = {
			isa = PBXTargetDependency;
			target = C328CCB91C9DB6CB00B5068D /* dblAttackGame */;
			targetProxy = C328CCDA1C9DB6CB00B5068D /* PBXContainerItemProxy */;
		};
/* End PBXTargetDependency section */

/* Begin PBXVariantGroup section */
		C328CCC11C9DB6CB00B5068D /* Main.storyboard */ = {
			isa = PBXVariantGroup;
			children = (
				C328CCC21C9DB6CB00B5068D /* Base */,
			);
			name = Main.storyboard;
			sourceTree = "<group>";
		};
		C328CCC61C9DB6CB00B5068D /* LaunchScreen.storyboard */ = {
			isa = PBXVariantGroup;
			children = (
				C328CCC71C9DB6CB00B5068D /* Base */,
			);
			name = LaunchScreen.storyboard;
			sourceTree = "<group>";
		};
/* End PBXVariantGroup section */

/* Begin XCBuildConfiguration section */
		C328CCE01C9DB6CB00B5068D /* Debug */ = {
			isa = XCBuildConfiguration;
			buildSettings = {
				ALWAYS_SEARCH_USER_PATHS = NO;
				CLANG_ANALYZER_NONNULL = YES;
				CLANG_CXX_LANGUAGE_STANDARD = "gnu++0x";
				CLANG_CXX_LIBRARY = "libc++";
				CLANG_ENABLE_MODULES = YES;
				CLANG_ENABLE_OBJC_ARC = YES;
				CLANG_WARN_BOOL_CONVERSION = YES;
				CLANG_WARN_CONSTANT_CONVERSION = YES;
				CLANG_WARN_DIRECT_OBJC_ISA_USAGE = YES_ERROR;
				CLANG_WARN_EMPTY_BODY = YES;
				CLANG_WARN_ENUM_CONVERSION = YES;
				CLANG_WARN_INT_CONVERSION = YES;
				CLANG_WARN_OBJC_ROOT_CLASS = YES_ERROR;
				CLANG_WARN_UNREACHABLE_CODE = YES;
				CLANG_WARN__DUPLICATE_METHOD_MATCH = YES;
				"CODE_SIGN_IDENTITY[sdk=iphoneos*]" = "iPhone Developer";
				COPY_PHASE_STRIP = NO;
				DEBUG_INFORMATION_FORMAT = dwarf;
				ENABLE_STRICT_OBJC_MSGSEND = YES;
				ENABLE_TESTABILITY = YES;
				GCC_C_LANGUAGE_STANDARD = gnu99;
				GCC_DYNAMIC_NO_PIC = NO;
				GCC_NO_COMMON_BLOCKS = YES;
				GCC_OPTIMIZATION_LEVEL = 0;
				GCC_PREPROCESSOR_DEFINITIONS = (
					"DEBUG=1",
					"$(inherited)",
				);
				GCC_WARN_64_TO_32_BIT_CONVERSION = YES;
				GCC_WARN_ABOUT_RETURN_TYPE = YES_ERROR;
				GCC_WARN_UNDECLARED_SELECTOR = YES;
				GCC_WARN_UNINITIALIZED_AUTOS = YES_AGGRESSIVE;
				GCC_WARN_UNUSED_FUNCTION = YES;
				GCC_WARN_UNUSED_VARIABLE = YES;
				IPHONEOS_DEPLOYMENT_TARGET = 9.3;
				MTL_ENABLE_DEBUG_INFO = YES;
				ONLY_ACTIVE_ARCH = YES;
				SDKROOT = iphoneos;
				SWIFT_OPTIMIZATION_LEVEL = "-Onone";
				TARGETED_DEVICE_FAMILY = "1,2";
			};
			name = Debug;
		};
		C328CCE11C9DB6CB00B5068D /* Release */ = {
			isa = XCBuildConfiguration;
			buildSettings = {
				ALWAYS_SEARCH_USER_PATHS = NO;
				CLANG_ANALYZER_NONNULL = YES;
				CLANG_CXX_LANGUAGE_STANDARD = "gnu++0x";
				CLANG_CXX_LIBRARY = "libc++";
				CLANG_ENABLE_MODULES = YES;
				CLANG_ENABLE_OBJC_ARC = YES;
				CLANG_WARN_BOOL_CONVERSION = YES;
				CLANG_WARN_CONSTANT_CONVERSION = YES;
				CLANG_WARN_DIRECT_OBJC_ISA_USAGE = YES_ERROR;
				CLANG_WARN_EMPTY_BODY = YES;
				CLANG_WARN_ENUM_CONVERSION = YES;
				CLANG_WARN_INT_CONVERSION = YES;
				CLANG_WARN_OBJC_ROOT_CLASS = YES_ERROR;
				CLANG_WARN_UNREACHABLE_CODE = YES;
				CLANG_WARN__DUPLICATE_METHOD_MATCH = YES;
				"CODE_SIGN_IDENTITY[sdk=iphoneos*]" = "iPhone Developer";
				COPY_PHASE_STRIP = NO;
				DEBUG_INFORMATION_FORMAT = "dwarf-with-dsym";
				ENABLE_NS_ASSERTIONS = NO;
				ENABLE_STRICT_OBJC_MSGSEND = YES;
				GCC_C_LANGUAGE_STANDARD = gnu99;
				GCC_NO_COMMON_BLOCKS = YES;
				GCC_WARN_64_TO_32_BIT_CONVERSION = YES;
				GCC_WARN_ABOUT_RETURN_TYPE = YES_ERROR;
				GCC_WARN_UNDECLARED_SELECTOR = YES;
				GCC_WARN_UNINITIALIZED_AUTOS = YES_AGGRESSIVE;
				GCC_WARN_UNUSED_FUNCTION = YES;
				GCC_WARN_UNUSED_VARIABLE = YES;
				IPHONEOS_DEPLOYMENT_TARGET = 9.3;
				MTL_ENABLE_DEBUG_INFO = NO;
				SDKROOT = iphoneos;
				TARGETED_DEVICE_FAMILY = "1,2";
				VALIDATE_PRODUCT = YES;
			};
			name = Release;
		};
		C328CCE31C9DB6CB00B5068D /* Debug */ = {
			isa = XCBuildConfiguration;
			buildSettings = {
				ASSETCATALOG_COMPILER_APPICON_NAME = AppIcon;
				INFOPLIST_FILE = dblAttackGame/Info.plist;
				LD_RUNPATH_SEARCH_PATHS = "$(inherited) @executable_path/Frameworks";
				PRODUCT_BUNDLE_IDENTIFIER = nglstudios.dblAttackGame;
				PRODUCT_NAME = "$(TARGET_NAME)";
			};
			name = Debug;
		};
		C328CCE41C9DB6CB00B5068D /* Release */ = {
			isa = XCBuildConfiguration;
			buildSettings = {
				ASSETCATALOG_COMPILER_APPICON_NAME = AppIcon;
				INFOPLIST_FILE = dblAttackGame/Info.plist;
				LD_RUNPATH_SEARCH_PATHS = "$(inherited) @executable_path/Frameworks";
				PRODUCT_BUNDLE_IDENTIFIER = nglstudios.dblAttackGame;
				PRODUCT_NAME = "$(TARGET_NAME)";
			};
			name = Release;
		};
		C328CCE61C9DB6CB00B5068D /* Debug */ = {
			isa = XCBuildConfiguration;
			buildSettings = {
				BUNDLE_LOADER = "$(TEST_HOST)";
				INFOPLIST_FILE = dblAttackGameTests/Info.plist;
				LD_RUNPATH_SEARCH_PATHS = "$(inherited) @executable_path/Frameworks @loader_path/Frameworks";
				PRODUCT_BUNDLE_IDENTIFIER = nglstudios.dblAttackGameTests;
				PRODUCT_NAME = "$(TARGET_NAME)";
				TEST_HOST = "$(BUILT_PRODUCTS_DIR)/dblAttackGame.app/dblAttackGame";
			};
			name = Debug;
		};
		C328CCE71C9DB6CB00B5068D /* Release */ = {
			isa = XCBuildConfiguration;
			buildSettings = {
				BUNDLE_LOADER = "$(TEST_HOST)";
				INFOPLIST_FILE = dblAttackGameTests/Info.plist;
				LD_RUNPATH_SEARCH_PATHS = "$(inherited) @executable_path/Frameworks @loader_path/Frameworks";
				PRODUCT_BUNDLE_IDENTIFIER = nglstudios.dblAttackGameTests;
				PRODUCT_NAME = "$(TARGET_NAME)";
				TEST_HOST = "$(BUILT_PRODUCTS_DIR)/dblAttackGame.app/dblAttackGame";
			};
			name = Release;
		};
		C328CCE91C9DB6CB00B5068D /* Debug */ = {
			isa = XCBuildConfiguration;
			buildSettings = {
				INFOPLIST_FILE = dblAttackGameUITests/Info.plist;
				LD_RUNPATH_SEARCH_PATHS = "$(inherited) @executable_path/Frameworks @loader_path/Frameworks";
				PRODUCT_BUNDLE_IDENTIFIER = nglstudios.dblAttackGameUITests;
				PRODUCT_NAME = "$(TARGET_NAME)";
				TEST_TARGET_NAME = dblAttackGame;
			};
			name = Debug;
		};
		C328CCEA1C9DB6CB00B5068D /* Release */ = {
			isa = XCBuildConfiguration;
			buildSettings = {
				INFOPLIST_FILE = dblAttackGameUITests/Info.plist;
				LD_RUNPATH_SEARCH_PATHS = "$(inherited) @executable_path/Frameworks @loader_path/Frameworks";
				PRODUCT_BUNDLE_IDENTIFIER = nglstudios.dblAttackGameUITests;
				PRODUCT_NAME = "$(TARGET_NAME)";
				TEST_TARGET_NAME = dblAttackGame;
			};
			name = Release;
		};
/* End XCBuildConfiguration section */

/* Begin XCConfigurationList section */
		C328CCB51C9DB6CB00B5068D /* Build configuration list for PBXProject "dblAttackGame" */ = {
			isa = XCConfigurationList;
			buildConfigurations = (
				C328CCE01C9DB6CB00B5068D /* Debug */,
				C328CCE11C9DB6CB00B5068D /* Release */,
			);
			defaultConfigurationIsVisible = 0;
			defaultConfigurationName = Release;
		};
		C328CCE21C9DB6CB00B5068D /* Build configuration list for PBXNativeTarget "dblAttackGame" */ = {
			isa = XCConfigurationList;
			buildConfigurations = (
				C328CCE31C9DB6CB00B5068D /* Debug */,
				C328CCE41C9DB6CB00B5068D /* Release */,
			);
			defaultConfigurationIsVisible = 0;
		};
		C328CCE51C9DB6CB00B5068D /* Build configuration list for PBXNativeTarget "dblAttackGameTests" */ = {
			isa = XCConfigurationList;
			buildConfigurations = (
				C328CCE61C9DB6CB00B5068D /* Debug */,
				C328CCE71C9DB6CB00B5068D /* Release */,
			);
			defaultConfigurationIsVisible = 0;
		};
		C328CCE81C9DB6CB00B5068D /* Build configuration list for PBXNativeTarget "dblAttackGameUITests" */ = {
			isa = XCConfigurationList;
			buildConfigurations = (
				C328CCE91C9DB6CB00B5068D /* Debug */,
				C328CCEA1C9DB6CB00B5068D /* Release */,
			);
			defaultConfigurationIsVisible = 0;
		};
/* End XCConfigurationList section */
	};
	rootObject = C328CCB21C9DB6CB00B5068D /* Project object */;
}
